
Microsoft Visual Studio Solution File, Format Version 12.00
# Visual Studio 2013
VisualStudioVersion = 12.0.21005.1
MinimumVisualStudioVersion = 10.0.40219.1
Project("{FAE04EC0-301F-11D3-BF4B-00C04F79EFBC}") = "ReflectionTest", "ReflectionTest\ReflectionTest.csproj", "{776ED712-93F0-4DC9-AE4A-80FABC002422}"
EndProject
Project("{FAE04EC0-301F-11D3-BF4B-00C04F79EFBC}") = "ReflectionTest.One", "ReflectionTest.One\ReflectionTest.One.csproj", "{6BCAA55B-46A3-4212-B6AD-BB95C6E3EEFD}"
EndProject
Project("{FAE04EC0-301F-11D3-BF4B-00C04F79EFBC}") = "ReflectionTest.Two", "ReflectionTest.Two\ReflectionTest.Two.csproj", "{FD6AFE32-DC7C-4234-98FF-5FA1B951F88C}"
EndProject
Project("{FAE04EC0-301F-11D3-BF4B-00C04F79EFBC}") = "Model", "Model\Model.csproj", "{A72DF494-5A2E-433C-81C8-AC952BF47E1E}"
EndProject
Global
	GlobalSection(SolutionConfigurationPlatforms) = preSolution
		Debug|Any CPU = Debug|Any CPU
		Release|Any CPU = Release|Any CPU
	EndGlobalSection
	GlobalSection(ProjectConfigurationPlatforms) = postSolution
		{776ED712-93F0-4DC9-AE4A-80FABC002422}.Debug|Any CPU.ActiveCfg = Debug|Any CPU
		{776ED712-93F0-4DC9-AE4A-80FABC002422}.Debug|Any CPU.Build.0 = Debug|Any CPU
		{776ED712-93F0-4DC9-AE4A-80FABC002422}.Release|Any CPU.ActiveCfg = Release|Any CPU
		{776ED712-93F0-4DC9-AE4A-80FABC002422}.Release|Any CPU.Build.0 = Release|Any CPU
		{6BCAA55B-46A3-4212-B6AD-BB95C6E3EEFD}.Debug|Any CPU.ActiveCfg = Debug|Any CPU
		{6BCAA55B-46A3-4212-B6AD-BB95C6E3EEFD}.Debug|Any CPU.Build.0 = Debug|Any CPU
		{6BCAA55B-46A3-4212-B6AD-BB95C6E3EEFD}.Release|Any CPU.ActiveCfg = Release|Any CPU
		{6BCAA55B-46A3-4212-B6AD-BB95C6E3EEFD}.Release|Any CPU.Build.0 = Release|Any CPU
		{FD6AFE32-DC7C-4234-98FF-5FA1B951F88C}.Debug|Any CPU.ActiveCfg = Debug|Any CPU
		{FD6AFE32-DC7C-4234-98FF-5FA1B951F88C}.Debug|Any CPU.Build.0 = Debug|Any CPU
		{FD6AFE32-DC7C-4234-98FF-5FA1B951F88C}.Release|Any CPU.ActiveCfg = Release|Any CPU
		{FD6AFE32-DC7C-4234-98FF-5FA1B951F88C}.Release|Any CPU.Build.0 = Release|Any CPU
		{A72DF494-5A2E-433C-81C8-AC952BF47E1E}.Debug|Any CPU.ActiveCfg = Debug|Any CPU
		{A72DF494-5A2E-433C-81C8-AC952BF47E1E}.Debug|Any CPU.Build.0 = Debug|Any CPU
		{A72DF494-5A2E-433C-81C8-AC952BF47E1E}.Release|Any CPU.ActiveCfg = Release|Any CPU
		{A72DF494-5A2E-433C-81C8-AC952BF47E1E}.Release|Any CPU.Build.0 = Release|Any CPU
	EndGlobalSection
	GlobalSection(SolutionProperties) = preSolution
		HideSolutionNode = FALSE
	EndGlobalSection
EndGlobal
